
Microsoft Visual Studio Solution File, Format Version 12.00
# Visual Studio Version 17
VisualStudioVersion = 17.1.32328.378
MinimumVisualStudioVersion = 10.0.40219.1
Project("{FAE04EC0-301F-11D3-BF4B-00C04F79EFBC}") = "tester", "tester\tester.csproj", "{4560A31A-DC98-46C5-934F-D7CFA1172471}"
	ProjectSection(ProjectDependencies) = postProject
		{3C5317EE-7971-4799-B3B2-D828398D587F} = {3C5317EE-7971-4799-B3B2-D828398D587F}
	EndProjectSection
EndProject
Project("{8BC9CEB8-8B4A-11D0-8D11-00A0C91BC942}") = "backend", "backend\backend.vcxproj", "{3C5317EE-7971-4799-B3B2-D828398D587F}"
EndProject
Project("{FAE04EC0-301F-11D3-BF4B-00C04F79EFBC}") = "frontend", "frontend\frontend.csproj", "{08E1D7C6-AF7A-4D93-AD24-B281263E3EED}"
EndProject
Global
	GlobalSection(SolutionConfigurationPlatforms) = preSolution
		Debug|Any CPU = Debug|Any CPU
		Debug|x64 = Debug|x64
		Debug|x86 = Debug|x86
		Release|Any CPU = Release|Any CPU
		Release|x64 = Release|x64
		Release|x86 = Release|x86
	EndGlobalSection
	GlobalSection(ProjectConfigurationPlatforms) = postSolution
		{4560A31A-DC98-46C5-934F-D7CFA1172471}.Debug|Any CPU.ActiveCfg = Debug|Any CPU
		{4560A31A-DC98-46C5-934F-D7CFA1172471}.Debug|Any CPU.Build.0 = Debug|Any CPU
		{4560A31A-DC98-46C5-934F-D7CFA1172471}.Debug|x64.ActiveCfg = Debug|Any CPU
		{4560A31A-DC98-46C5-934F-D7CFA1172471}.Debug|x64.Build.0 = Debug|Any CPU
		{4560A31A-DC98-46C5-934F-D7CFA1172471}.Debug|x86.ActiveCfg = Debug|Any CPU
		{4560A31A-DC98-46C5-934F-D7CFA1172471}.Debug|x86.Build.0 = Debug|Any CPU
		{4560A31A-DC98-46C5-934F-D7CFA1172471}.Release|Any CPU.ActiveCfg = Release|Any CPU
		{4560A31A-DC98-46C5-934F-D7CFA1172471}.Release|Any CPU.Build.0 = Release|Any CPU
		{4560A31A-DC98-46C5-934F-D7CFA1172471}.Release|x64.ActiveCfg = Release|Any CPU
		{4560A31A-DC98-46C5-934F-D7CFA1172471}.Release|x64.Build.0 = Release|Any CPU
		{4560A31A-DC98-46C5-934F-D7CFA1172471}.Release|x86.ActiveCfg = Release|Any CPU
		{4560A31A-DC98-46C5-934F-D7CFA1172471}.Release|x86.Build.0 = Release|Any CPU
		{3C5317EE-7971-4799-B3B2-D828398D587F}.Debug|Any CPU.ActiveCfg = Debug|x64
		{3C5317EE-7971-4799-B3B2-D828398D587F}.Debug|Any CPU.Build.0 = Debug|x64
		{3C5317EE-7971-4799-B3B2-D828398D587F}.Debug|x64.ActiveCfg = Debug|x64
		{3C5317EE-7971-4799-B3B2-D828398D587F}.Debug|x64.Build.0 = Debug|x64
		{3C5317EE-7971-4799-B3B2-D828398D587F}.Debug|x86.ActiveCfg = Debug|Win32
		{3C5317EE-7971-4799-B3B2-D828398D587F}.Debug|x86.Build.0 = Debug|Win32
		{3C5317EE-7971-4799-B3B2-D828398D587F}.Release|Any CPU.ActiveCfg = Release|x64
		{3C5317EE-7971-4799-B3B2-D828398D587F}.Release|Any CPU.Build.0 = Release|x64
		{3C5317EE-7971-4799-B3B2-D828398D587F}.Release|x64.ActiveCfg = Release|x64
		{3C5317EE-7971-4799-B3B2-D828398D587F}.Release|x64.Build.0 = Release|x64
		{3C5317EE-7971-4799-B3B2-D828398D587F}.Release|x86.ActiveCfg = Release|Win32
		{3C5317EE-7971-4799-B3B2-D828398D587F}.Release|x86.Build.0 = Release|Win32
		{08E1D7C6-AF7A-4D93-AD24-B281263E3EED}.Debug|Any CPU.ActiveCfg = Debug|Any CPU
		{08E1D7C6-AF7A-4D93-AD24-B281263E3EED}.Debug|Any CPU.Build.0 = Debug|Any CPU
		{08E1D7C6-AF7A-4D93-AD24-B281263E3EED}.Debug|x64.ActiveCfg = Debug|Any CPU
		{08E1D7C6-AF7A-4D93-AD24-B281263E3EED}.Debug|x64.Build.0 = Debug|Any CPU
		{08E1D7C6-AF7A-4D93-AD24-B281263E3EED}.Debug|x86.ActiveCfg = Debug|Any CPU
		{08E1D7C6-AF7A-4D93-AD24-B281263E3EED}.Debug|x86.Build.0 = Debug|Any CPU
		{08E1D7C6-AF7A-4D93-AD24-B281263E3EED}.Release|Any CPU.ActiveCfg = Release|Any CPU
		{08E1D7C6-AF7A-4D93-AD24-B281263E3EED}.Release|Any CPU.Build.0 = Release|Any CPU
		{08E1D7C6-AF7A-4D93-AD24-B281263E3EED}.Release|x64.ActiveCfg = Release|Any CPU
		{08E1D7C6-AF7A-4D93-AD24-B281263E3EED}.Release|x64.Build.0 = Release|Any CPU
		{08E1D7C6-AF7A-4D93-AD24-B281263E3EED}.Release|x86.ActiveCfg = Release|Any CPU
		{08E1D7C6-AF7A-4D93-AD24-B281263E3EED}.Release|x86.Build.0 = Release|Any CPU
	EndGlobalSection
	GlobalSection(SolutionProperties) = preSolution
		HideSolutionNode = FALSE
	EndGlobalSection
	GlobalSection(ExtensibilityGlobals) = postSolution
		SolutionGuid = {B92399B6-2ACF-4225-BDF1-1DBEA78A9949}
	EndGlobalSection
EndGlobal
